
Microsoft Visual Studio Solution File, Format Version 12.00
# Visual Studio 14
VisualStudioVersion = 14.0.25420.1
MinimumVisualStudioVersion = 10.0.40219.1
Project("{FAE04EC0-301F-11D3-BF4B-00C04F79EFBC}") = "SampleUtil", "SampleUtil\SampleUtil.csproj", "{3B4AC095-A669-4576-93D3-8DEDD0BF3696}"
EndProject
Project("{FAE04EC0-301F-11D3-BF4B-00C04F79EFBC}") = "SampleUtil.Tests", "SampleUtil.Tests\SampleUtil.Tests.csproj", "{91E83627-6E70-44E4-9092-5A4EE2E83DDB}"
EndProject
Global
	GlobalSection(SolutionConfigurationPlatforms) = preSolution
		Debug|Any CPU = Debug|Any CPU
		Release|Any CPU = Release|Any CPU
	EndGlobalSection
	GlobalSection(ProjectConfigurationPlatforms) = postSolution
		{3B4AC095-A669-4576-93D3-8DEDD0BF3696}.Debug|Any CPU.ActiveCfg = Debug|Any CPU
		{3B4AC095-A669-4576-93D3-8DEDD0BF3696}.Debug|Any CPU.Build.0 = Debug|Any CPU
		{3B4AC095-A669-4576-93D3-8DEDD0BF3696}.Release|Any CPU.ActiveCfg = Release|Any CPU
		{3B4AC095-A669-4576-93D3-8DEDD0BF3696}.Release|Any CPU.Build.0 = Release|Any CPU
		{91E83627-6E70-44E4-9092-5A4EE2E83DDB}.Debug|Any CPU.ActiveCfg = Debug|Any CPU
		{91E83627-6E70-44E4-9092-5A4EE2E83DDB}.Debug|Any CPU.Build.0 = Debug|Any CPU
		{91E83627-6E70-44E4-9092-5A4EE2E83DDB}.Release|Any CPU.ActiveCfg = Release|Any CPU
		{91E83627-6E70-44E4-9092-5A4EE2E83DDB}.Release|Any CPU.Build.0 = Release|Any CPU
	EndGlobalSection
	GlobalSection(SolutionProperties) = preSolution
		HideSolutionNode = FALSE
	EndGlobalSection
EndGlobal
